
Microsoft Visual Studio Solution File, Format Version 12.00
# Visual Studio 15
VisualStudioVersion = 15.0.28307.852
MinimumVisualStudioVersion = 10.0.40219.1
Project("{2150E333-8FDC-42A3-9474-1A3956D46DE8}") = "docker", "docker", "{62DAF44D-CCF1-4010-9361-5A1410E759D2}"
	ProjectSection(SolutionItems) = preProject
		docker-compose.yml = docker-compose.yml
	EndProjectSection
EndProject
Project("{2150E333-8FDC-42A3-9474-1A3956D46DE8}") = "src", "src", "{92F97765-67A2-4EF2-B094-15EA4E76D6FB}"
EndProject
Project("{2150E333-8FDC-42A3-9474-1A3956D46DE8}") = "Presentation", "Presentation", "{1575A79F-3422-446A-A432-8264971EACFE}"
EndProject
Project("{9A19103F-16F7-4668-BE54-9A1E7A4F7556}") = "HttpFunction", "src\Presentation\HttpFunction\HttpFunction.csproj", "{4D99AB21-F970-41B6-BEE6-C73A05A6A4CC}"
EndProject
Project("{9A19103F-16F7-4668-BE54-9A1E7A4F7556}") = "ServiceBusFunction", "src\Presentation\ServiceBusFunction\ServiceBusFunction.csproj", "{86E6CF9B-D5A8-4A5F-8F0E-F212D3A6A796}"
EndProject
Project("{2150E333-8FDC-42A3-9474-1A3956D46DE8}") = "Persistence", "Persistence", "{41AA8DE4-3067-42A0-B7B1-3094BEF3AB41}"
EndProject
Project("{2150E333-8FDC-42A3-9474-1A3956D46DE8}") = "Application", "Application", "{43A17F70-2A62-4FD2-9046-77DC2268E935}"
EndProject
Project("{2150E333-8FDC-42A3-9474-1A3956D46DE8}") = "Domain", "Domain", "{05358642-19D5-4664-85EF-E89ADA009B5F}"
EndProject
Project("{2150E333-8FDC-42A3-9474-1A3956D46DE8}") = "Infrastructure", "Infrastructure", "{3739B460-F9F5-447F-A076-F1CA6A5E9FBA}"
EndProject
Project("{9A19103F-16F7-4668-BE54-9A1E7A4F7556}") = "FunctionsTest.Domain", "src\Domain\FunctionsTest.Domain\FunctionsTest.Domain.csproj", "{FAAFC1AF-3200-43D8-9344-C83E6218D9C5}"
EndProject
Project("{2150E333-8FDC-42A3-9474-1A3956D46DE8}") = "postman", "postman", "{A82A8DC1-594F-4956-805C-80263D9165F1}"
	ProjectSection(SolutionItems) = preProject
		postman.md = postman.md
	EndProjectSection
EndProject
Global
	GlobalSection(SolutionConfigurationPlatforms) = preSolution
		Debug|Any CPU = Debug|Any CPU
		Release|Any CPU = Release|Any CPU
	EndGlobalSection
	GlobalSection(ProjectConfigurationPlatforms) = postSolution
		{4D99AB21-F970-41B6-BEE6-C73A05A6A4CC}.Debug|Any CPU.ActiveCfg = Debug|Any CPU
		{4D99AB21-F970-41B6-BEE6-C73A05A6A4CC}.Debug|Any CPU.Build.0 = Debug|Any CPU
		{4D99AB21-F970-41B6-BEE6-C73A05A6A4CC}.Release|Any CPU.ActiveCfg = Release|Any CPU
		{4D99AB21-F970-41B6-BEE6-C73A05A6A4CC}.Release|Any CPU.Build.0 = Release|Any CPU
		{86E6CF9B-D5A8-4A5F-8F0E-F212D3A6A796}.Debug|Any CPU.ActiveCfg = Debug|Any CPU
		{86E6CF9B-D5A8-4A5F-8F0E-F212D3A6A796}.Debug|Any CPU.Build.0 = Debug|Any CPU
		{86E6CF9B-D5A8-4A5F-8F0E-F212D3A6A796}.Release|Any CPU.ActiveCfg = Release|Any CPU
		{86E6CF9B-D5A8-4A5F-8F0E-F212D3A6A796}.Release|Any CPU.Build.0 = Release|Any CPU
		{FAAFC1AF-3200-43D8-9344-C83E6218D9C5}.Debug|Any CPU.ActiveCfg = Debug|Any CPU
		{FAAFC1AF-3200-43D8-9344-C83E6218D9C5}.Debug|Any CPU.Build.0 = Debug|Any CPU
		{FAAFC1AF-3200-43D8-9344-C83E6218D9C5}.Release|Any CPU.ActiveCfg = Release|Any CPU
		{FAAFC1AF-3200-43D8-9344-C83E6218D9C5}.Release|Any CPU.Build.0 = Release|Any CPU
	EndGlobalSection
	GlobalSection(SolutionProperties) = preSolution
		HideSolutionNode = FALSE
	EndGlobalSection
	GlobalSection(NestedProjects) = preSolution
		{1575A79F-3422-446A-A432-8264971EACFE} = {92F97765-67A2-4EF2-B094-15EA4E76D6FB}
		{4D99AB21-F970-41B6-BEE6-C73A05A6A4CC} = {1575A79F-3422-446A-A432-8264971EACFE}
		{86E6CF9B-D5A8-4A5F-8F0E-F212D3A6A796} = {1575A79F-3422-446A-A432-8264971EACFE}
		{41AA8DE4-3067-42A0-B7B1-3094BEF3AB41} = {92F97765-67A2-4EF2-B094-15EA4E76D6FB}
		{43A17F70-2A62-4FD2-9046-77DC2268E935} = {92F97765-67A2-4EF2-B094-15EA4E76D6FB}
		{05358642-19D5-4664-85EF-E89ADA009B5F} = {92F97765-67A2-4EF2-B094-15EA4E76D6FB}
		{3739B460-F9F5-447F-A076-F1CA6A5E9FBA} = {92F97765-67A2-4EF2-B094-15EA4E76D6FB}
		{FAAFC1AF-3200-43D8-9344-C83E6218D9C5} = {05358642-19D5-4664-85EF-E89ADA009B5F}
	EndGlobalSection
	GlobalSection(ExtensibilityGlobals) = postSolution
		SolutionGuid = {C6572E7E-E381-4604-8169-B7EA862C76C0}
	EndGlobalSection
EndGlobal
